// !$*UTF8*$!
{
	archiveVersion = 1;
	classes = {
	};
	objectVersion = 77;
	objects = {

/* Begin PBXBuildFile section */
		8C208BEE2F935F77004DC581 /* WatchConnectivity.framework in Frameworks */ = {isa = PBXBuildFile; fileRef = 8C208BED2F935F77004DC581 /* WatchConnectivity.framework */; };
		8C208BF02F935FD5004DC581 /* WatchConnectivity.framework in Frameworks */ = {isa = PBXBuildFile; fileRef = 8C208BEF2F935FD5004DC581 /* WatchConnectivity.framework */; };
		8C8715E92F8B2F9F0029F8A9 /* TidalLabsWatch Watch App.app in Embed Watch Content */ = {isa = PBXBuildFile; fileRef = 8C8715C92F8B2F9E0029F8A9 /* TidalLabsWatch Watch App.app */; settings = {ATTRIBUTES = (RemoveHeadersOnCopy, ); }; };
/* End PBXBuildFile section */

/* Begin PBXContainerItemProxy section */
		8C8715A92F8B2E6A0029F8A9 /* PBXContainerItemProxy */ = {
			isa = PBXContainerItemProxy;
			containerPortal = 8C8715932F8B2E690029F8A9 /* Project object */;
			proxyType = 1;
			remoteGlobalIDString = 8C87159A2F8B2E690029F8A9;
			remoteInfo = TidalLabs;
		};
		8C8715B32F8B2E6A0029F8A9 /* PBXContainerItemProxy */ = {
			isa = PBXContainerItemProxy;
			containerPortal = 8C8715932F8B2E690029F8A9 /* Project object */;
			proxyType = 1;
			remoteGlobalIDString = 8C87159A2F8B2E690029F8A9;
			remoteInfo = TidalLabs;
		};
		8C8715D62F8B2F9F0029F8A9 /* PBXContainerItemProxy */ = {
			isa = PBXContainerItemProxy;
			containerPortal = 8C8715932F8B2E690029F8A9 /* Project object */;
			proxyType = 1;
			remoteGlobalIDString = 8C8715C82F8B2F9E0029F8A9;
			remoteInfo = "TidalLabsWatch Watch App";
		};
		8C8715E02F8B2F9F0029F8A9 /* PBXContainerItemProxy */ = {
			isa = PBXContainerItemProxy;
			containerPortal = 8C8715932F8B2E690029F8A9 /* Project object */;
			proxyType = 1;
			remoteGlobalIDString = 8C8715C82F8B2F9E0029F8A9;
			remoteInfo = "TidalLabsWatch Watch App";
		};
		8C8715E72F8B2F9F0029F8A9 /* PBXContainerItemProxy */ = {
			isa = PBXContainerItemProxy;
			containerPortal = 8C8715932F8B2E690029F8A9 /* Project object */;
			proxyType = 1;
			remoteGlobalIDString = 8C8715C82F8B2F9E0029F8A9;
			remoteInfo = "TidalLabsWatch Watch App";
		};
/* End PBXContainerItemProxy section */

/* Begin PBXCopyFilesBuildPhase section */
		8C8715ED2F8B2F9F0029F8A9 /* Embed Watch Content */ = {
			isa = PBXCopyFilesBuildPhase;
			buildActionMask = 2147483647;
			dstPath = "$(CONTENTS_FOLDER_PATH)/Watch";
			dstSubfolderSpec = 16;
			files = (
				8C8715E92F8B2F9F0029F8A9 /* TidalLabsWatch Watch App.app in Embed Watch Content */,
			);
			name = "Embed Watch Content";
			runOnlyForDeploymentPostprocessing = 0;
		};
/* End PBXCopyFilesBuildPhase section */

/* Begin PBXFileReference section */
		8C208BED2F935F77004DC581 /* WatchConnectivity.framework */ = {isa = PBXFileReference; lastKnownFileType = wrapper.framework; name = WatchConnectivity.framework; path = Platforms/iPhoneOS.platform/Developer/SDKs/iPhoneOS26.2.sdk/System/Library/Frameworks/WatchConnectivity.framework; sourceTree = DEVELOPER_DIR; };
		8C208BEF2F935FD5004DC581 /* WatchConnectivity.framework */ = {isa = PBXFileReference; lastKnownFileType = wrapper.framework; name = WatchConnectivity.framework; path = Platforms/WatchOS.platform/Developer/SDKs/WatchOS26.2.sdk/System/Library/Frameworks/WatchConnectivity.framework; sourceTree = DEVELOPER_DIR; };
		8C87159B2F8B2E690029F8A9 /* TidalLabs.app */ = {isa = PBXFileReference; explicitFileType = wrapper.application; includeInIndex = 0; path = TidalLabs.app; sourceTree = BUILT_PRODUCTS_DIR; };
		8C8715A82F8B2E6A0029F8A9 /* TidalLabsTests.xctest */ = {isa = PBXFileReference; explicitFileType = wrapper.cfbundle; includeInIndex = 0; path = TidalLabsTests.xctest; sourceTree = BUILT_PRODUCTS_DIR; };
		8C8715B22F8B2E6A0029F8A9 /* TidalLabsUITests.xctest */ = {isa = PBXFileReference; explicitFileType = wrapper.cfbundle; includeInIndex = 0; path = TidalLabsUITests.xctest; sourceTree = BUILT_PRODUCTS_DIR; };
		8C8715C92F8B2F9E0029F8A9 /* TidalLabsWatch Watch App.app */ = {isa = PBXFileReference; explicitFileType = wrapper.application; includeInIndex = 0; path = "TidalLabsWatch Watch App.app"; sourceTree = BUILT_PRODUCTS_DIR; };
		8C8715D52F8B2F9F0029F8A9 /* TidalLabsWatch Watch AppTests.xctest */ = {isa = PBXFileReference; explicitFileType = wrapper.cfbundle; includeInIndex = 0; path = "TidalLabsWatch Watch AppTests.xctest"; sourceTree = BUILT_PRODUCTS_DIR; };
		8C8715DF2F8B2F9F0029F8A9 /* TidalLabsWatch Watch AppUITests.xctest */ = {isa = PBXFileReference; explicitFileType = wrapper.cfbundle; includeInIndex = 0; path = "TidalLabsWatch Watch AppUITests.xctest"; sourceTree = BUILT_PRODUCTS_DIR; };
/* End PBXFileReference section */

/* Begin PBXFileSystemSynchronizedRootGroup section */
		8C87159D2F8B2E690029F8A9 /* TidalLabs */ = {
			isa = PBXFileSystemSynchronizedRootGroup;
			path = TidalLabs;
			sourceTree = "<group>";
		};
		8C8715AB2F8B2E6A0029F8A9 /* TidalLabstests */ = {
			isa = PBXFileSystemSynchronizedRootGroup;
			path = TidalLabstests;
			sourceTree = "<group>";
		};
		8C8715B52F8B2E6A0029F8A9 /* TidalLabsUITests */ = {
			isa = PBXFileSystemSynchronizedRootGroup;
			path = TidalLabsUITests;
			sourceTree = "<group>";
		};
		8C8715CA2F8B2F9E0029F8A9 /* TidalLabsWatch Watch App */ = {
			isa = PBXFileSystemSynchronizedRootGroup;
			path = "TidalLabsWatch Watch App";
			sourceTree = "<group>";
		};
		8C8715D82F8B2F9F0029F8A9 /* TidalLabsWatch Watch AppTests */ = {
			isa = PBXFileSystemSynchronizedRootGroup;
			path = "TidalLabsWatch Watch AppTests";
			sourceTree = "<group>";
		};
		8C8715E22F8B2F9F0029F8A9 /* TidalLabsWatch Watch AppUITests */ = {
			isa = PBXFileSystemSynchronizedRootGroup;
			path = "TidalLabsWatch Watch AppUITests";
			sourceTree = "<group>";
		};
/* End PBXFileSystemSynchronizedRootGroup section */

/* Begin PBXFrameworksBuildPhase section */
		8C8715982F8B2E690029F8A9 /* Frameworks */ = {
			isa = PBXFrameworksBuildPhase;
			buildActionMask = 2147483647;
			files = (
				8C208BEE2F935F77004DC581 /* WatchConnectivity.framework in Frameworks */,
			);
			runOnlyForDeploymentPostprocessing = 0;
		};
		8C8715A52F8B2E6A0029F8A9 /* Frameworks */ = {
			isa = PBXFrameworksBuildPhase;
			buildActionMask = 2147483647;
			files = (
			);
			runOnlyForDeploymentPostprocessing = 0;
		};
		8C8715AF2F8B2E6A0029F8A9 /* Frameworks */ = {
			isa = PBXFrameworksBuildPhase;
			buildActionMask = 2147483647;
			files = (
			);
			runOnlyForDeploymentPostprocessing = 0;
		};
		8C8715C62F8B2F9E0029F8A9 /* Frameworks */ = {
			isa = PBXFrameworksBuildPhase;
			buildActionMask = 2147483647;
			files = (
				8C208BF02F935FD5004DC581 /* WatchConnectivity.framework in Frameworks */,
			);
			runOnlyForDeploymentPostprocessing = 0;
		};
		8C8715D22F8B2F9F0029F8A9 /* Frameworks */ = {
			isa = PBXFrameworksBuildPhase;
			buildActionMask = 2147483647;
			files = (
			);
			runOnlyForDeploymentPostprocessing = 0;
		};
		8C8715DC2F8B2F9F0029F8A9 /* Frameworks */ = {
			isa = PBXFrameworksBuildPhase;
			buildActionMask = 2147483647;
			files = (
			);
			runOnlyForDeploymentPostprocessing = 0;
		};
/* End PBXFrameworksBuildPhase section */

/* Begin PBXGroup section */
		8C208BEC2F935F76004DC581 /* Frameworks */ = {
			isa = PBXGroup;
			children = (
				8C208BEF2F935FD5004DC581 /* WatchConnectivity.framework */,
				8C208BED2F935F77004DC581 /* WatchConnectivity.framework */,
			);
			name = Frameworks;
			sourceTree = "<group>";
		};
		8C8715922F8B2E690029F8A9 = {
			isa = PBXGroup;
			children = (
				8C87159D2F8B2E690029F8A9 /* TidalLabs */,
				8C8715AB2F8B2E6A0029F8A9 /* TidalLabstests */,
				8C8715B52F8B2E6A0029F8A9 /* TidalLabsUITests */,
				8C8715CA2F8B2F9E0029F8A9 /* TidalLabsWatch Watch App */,
				8C8715D82F8B2F9F0029F8A9 /* TidalLabsWatch Watch AppTests */,
				8C8715E22F8B2F9F0029F8A9 /* TidalLabsWatch Watch AppUITests */,
				8C208BEC2F935F76004DC581 /* Frameworks */,
				8C87159C2F8B2E690029F8A9 /* Products */,
			);
			sourceTree = "<group>";
		};
		8C87159C2F8B2E690029F8A9 /* Products */ = {
			isa = PBXGroup;
			children = (
				8C87159B2F8B2E690029F8A9 /* TidalLabs.app */,
				8C8715A82F8B2E6A0029F8A9 /* TidalLabsTests.xctest */,
				8C8715B22F8B2E6A0029F8A9 /* TidalLabsUITests.xctest */,
				8C8715C92F8B2F9E0029F8A9 /* TidalLabsWatch Watch App.app */,
				8C8715D52F8B2F9F0029F8A9 /* TidalLabsWatch Watch AppTests.xctest */,
				8C8715DF2F8B2F9F0029F8A9 /* TidalLabsWatch Watch AppUITests.xctest */,
			);
			name = Products;
			sourceTree = "<group>";
		};
/* End PBXGroup section */

/* Begin PBXNativeTarget section */
		8C87159A2F8B2E690029F8A9 /* TidalLabs */ = {
			isa = PBXNativeTarget;
			buildConfigurationList = 8C8715BC2F8B2E6A0029F8A9 /* Build configuration list for PBXNativeTarget "TidalLabs" */;
			buildPhases = (
				8C8715972F8B2E690029F8A9 /* Sources */,
				8C8715982F8B2E690029F8A9 /* Frameworks */,
				8C8715992F8B2E690029F8A9 /* Resources */,
				8C8715ED2F8B2F9F0029F8A9 /* Embed Watch Content */,
			);
			buildRules = (
			);
			dependencies = (
				8C8715E82F8B2F9F0029F8A9 /* PBXTargetDependency */,
			);
			fileSystemSynchronizedGroups = (
				8C87159D2F8B2E690029F8A9 /* TidalLabs */,
			);
			name = TidalLabs;
			packageProductDependencies = (
			);
			productName = TidalLabs;
			productReference = 8C87159B2F8B2E690029F8A9 /* TidalLabs.app */;
			productType = "com.apple.product-type.application";
		};
		8C8715A72F8B2E6A0029F8A9 /* TidalLabsTests */ = {
			isa = PBXNativeTarget;
			buildConfigurationList = 8C8715BF2F8B2E6A0029F8A9 /* Build configuration list for PBXNativeTarget "TidalLabsTests" */;
			buildPhases = (
				8C8715A42F8B2E6A0029F8A9 /* Sources */,
				8C8715A52F8B2E6A0029F8A9 /* Frameworks */,
				8C8715A62F8B2E6A0029F8A9 /* Resources */,
			);
			buildRules = (
			);
			dependencies = (
				8C8715AA2F8B2E6A0029F8A9 /* PBXTargetDependency */,
			);
			fileSystemSynchronizedGroups = (
				8C8715AB2F8B2E6A0029F8A9 /* TidalLabstests */,
			);
			name = TidalLabsTests;
			packageProductDependencies = (
			);
			productName = TidalLabsTests;
			productReference = 8C8715A82F8B2E6A0029F8A9 /* TidalLabsTests.xctest */;
			productType = "com.apple.product-type.bundle.unit-test";
		};
		8C8715B12F8B2E6A0029F8A9 /* TidalLabsUITests */ = {
			isa = PBXNativeTarget;
			buildConfigurationList = 8C8715C22F8B2E6A0029F8A9 /* Build configuration list for PBXNativeTarget "TidalLabsUITests" */;
			buildPhases = (
				8C8715AE2F8B2E6A0029F8A9 /* Sources */,
				8C8715AF2F8B2E6A0029F8A9 /* Frameworks */,
				8C8715B02F8B2E6A0029F8A9 /* Resources */,
			);
			buildRules = (
			);
			dependencies = (
				8C8715B42F8B2E6A0029F8A9 /* PBXTargetDependency */,
			);
			fileSystemSynchronizedGroups = (
				8C8715B52F8B2E6A0029F8A9 /* TidalLabsUITests */,
			);
			name = TidalLabsUITests;
			packageProductDependencies = (
			);
			productName = TidalLabsUITests;
			productReference = 8C8715B22F8B2E6A0029F8A9 /* TidalLabsUITests.xctest */;
			productType = "com.apple.product-type.bundle.ui-testing";
		};
		8C8715C82F8B2F9E0029F8A9 /* TidalLabsWatch Watch App */ = {
			isa = PBXNativeTarget;
			buildConfigurationList = 8C8715EA2F8B2F9F0029F8A9 /* Build configuration list for PBXNativeTarget "TidalLabsWatch Watch App" */;
			buildPhases = (
				8C8715C52F8B2F9E0029F8A9 /* Sources */,
				8C8715C62F8B2F9E0029F8A9 /* Frameworks */,
				8C8715C72F8B2F9E0029F8A9 /* Resources */,
			);
			buildRules = (
			);
			dependencies = (
			);
			fileSystemSynchronizedGroups = (
				8C8715CA2F8B2F9E0029F8A9 /* TidalLabsWatch Watch App */,
			);
			name = "TidalLabsWatch Watch App";
			packageProductDependencies = (
			);
			productName = "TidalLabsWatch Watch App";
			productReference = 8C8715C92F8B2F9E0029F8A9 /* TidalLabsWatch Watch App.app */;
			productType = "com.apple.product-type.application";
		};
		8C8715D42F8B2F9F0029F8A9 /* TidalLabsWatch Watch AppTests */ = {
			isa = PBXNativeTarget;
			buildConfigurationList = 8C8715EE2F8B2F9F0029F8A9 /* Build configuration list for PBXNativeTarget "TidalLabsWatch Watch AppTests" */;
			buildPhases = (
				8C8715D12F8B2F9F0029F8A9 /* Sources */,
				8C8715D22F8B2F9F0029F8A9 /* Frameworks */,
				8C8715D32F8B2F9F0029F8A9 /* Resources */,
			);
			buildRules = (
			);
			dependencies = (
				8C8715D72F8B2F9F0029F8A9 /* PBXTargetDependency */,
			);
			fileSystemSynchronizedGroups = (
				8C8715D82F8B2F9F0029F8A9 /* TidalLabsWatch Watch AppTests */,
			);
			name = "TidalLabsWatch Watch AppTests";
			packageProductDependencies = (
			);
			productName = "TidalLabsWatch Watch AppTests";
			productReference = 8C8715D52F8B2F9F0029F8A9 /* TidalLabsWatch Watch AppTests.xctest */;
			productType = "com.apple.product-type.bundle.unit-test";
		};
		8C8715DE2F8B2F9F0029F8A9 /* TidalLabsWatch Watch AppUITests */ = {
			isa = PBXNativeTarget;
			buildConfigurationList = 8C8715F12F8B2F9F0029F8A9 /* Build configuration list for PBXNativeTarget "TidalLabsWatch Watch AppUITests" */;
			buildPhases = (
				8C8715DB2F8B2F9F0029F8A9 /* Sources */,
				8C8715DC2F8B2F9F0029F8A9 /* Frameworks */,
				8C8715DD2F8B2F9F0029F8A9 /* Resources */,
			);
			buildRules = (
			);
			dependencies = (
				8C8715E12F8B2F9F0029F8A9 /* PBXTargetDependency */,
			);
			fileSystemSynchronizedGroups = (
				8C8715E22F8B2F9F0029F8A9 /* TidalLabsWatch Watch AppUITests */,
			);
			name = "TidalLabsWatch Watch AppUITests";
			packageProductDependencies = (
			);
			productName = "TidalLabsWatch Watch AppUITests";
			productReference = 8C8715DF2F8B2F9F0029F8A9 /* TidalLabsWatch Watch AppUITests.xctest */;
			productType = "com.apple.product-type.bundle.ui-testing";
		};
/* End PBXNativeTarget section */

/* Begin PBXProject section */
		8C8715932F8B2E690029F8A9 /* Project object */ = {
			isa = PBXProject;
			attributes = {
				BuildIndependentTargetsInParallel = 1;
				LastSwiftUpdateCheck = 2620;
				LastUpgradeCheck = 2620;
				TargetAttributes = {
					8C87159A2F8B2E690029F8A9 = {
						CreatedOnToolsVersion = 26.2;
					};
					8C8715A72F8B2E6A0029F8A9 = {
						CreatedOnToolsVersion = 26.2;
						TestTargetID = 8C87159A2F8B2E690029F8A9;
					};
					8C8715B12F8B2E6A0029F8A9 = {
						CreatedOnToolsVersion = 26.2;
						TestTargetID = 8C87159A2F8B2E690029F8A9;
					};
					8C8715C82F8B2F9E0029F8A9 = {
						CreatedOnToolsVersion = 26.2;
					};
					8C8715D42F8B2F9F0029F8A9 = {
						CreatedOnToolsVersion = 26.2;
						TestTargetID = 8C8715C82F8B2F9E0029F8A9;
					};
					8C8715DE2F8B2F9F0029F8A9 = {
						CreatedOnToolsVersion = 26.2;
						TestTargetID = 8C8715C82F8B2F9E0029F8A9;
					};
				};
			};
			buildConfigurationList = 8C8715962F8B2E690029F8A9 /* Build configuration list for PBXProject "TidalLabs" */;
			developmentRegion = en;
			hasScannedForEncodings = 0;
			knownRegions = (
				en,
				Base,
			);
			mainGroup = 8C8715922F8B2E690029F8A9;
			minimizedProjectReferenceProxies = 1;
			preferredProjectObjectVersion = 77;
			productRefGroup = 8C87159C2F8B2E690029F8A9 /* Products */;
			projectDirPath = "";
			projectRoot = "";
			targets = (
				8C87159A2F8B2E690029F8A9 /* TidalLabs */,
				8C8715A72F8B2E6A0029F8A9 /* TidalLabsTests */,
				8C8715B12F8B2E6A0029F8A9 /* TidalLabsUITests */,
				8C8715C82F8B2F9E0029F8A9 /* TidalLabsWatch Watch App */,
				8C8715D42F8B2F9F0029F8A9 /* TidalLabsWatch Watch AppTests */,
				8C8715DE2F8B2F9F0029F8A9 /* TidalLabsWatch Watch AppUITests */,
			);
		};
/* End PBXProject section */

/* Begin PBXResourcesBuildPhase section */
		8C8715992F8B2E690029F8A9 /* Resources */ = {
			isa = PBXResourcesBuildPhase;
			buildActionMask = 2147483647;
			files = (
			);
			runOnlyForDeploymentPostprocessing = 0;
		};
		8C8715A62F8B2E6A0029F8A9 /* Resources */ = {
			isa = PBXResourcesBuildPhase;
			buildActionMask = 2147483647;
			files = (
			);
			runOnlyForDeploymentPostprocessing = 0;
		};
		8C8715B02F8B2E6A0029F8A9 /* Resources */ = {
			isa = PBXResourcesBuildPhase;
			buildActionMask = 2147483647;
			files = (
			);
			runOnlyForDeploymentPostprocessing = 0;
		};
		8C8715C72F8B2F9E0029F8A9 /* Resources */ = {
			isa = PBXResourcesBuildPhase;
			buildActionMask = 2147483647;
			files = (
			);
			runOnlyForDeploymentPostprocessing = 0;
		};
		8C8715D32F8B2F9F0029F8A9 /* Resources */ = {
			isa = PBXResourcesBuildPhase;
			buildActionMask = 2147483647;
			files = (
			);
			runOnlyForDeploymentPostprocessing = 0;
		};
		8C8715DD2F8B2F9F0029F8A9 /* Resources */ = {
			isa = PBXResourcesBuildPhase;
			buildActionMask = 2147483647;
			files = (
			);
			runOnlyForDeploymentPostprocessing = 0;
		};
/* End PBXResourcesBuildPhase section */

/* Begin PBXSourcesBuildPhase section */
		8C8715972F8B2E690029F8A9 /* Sources */ = {
			isa = PBXSourcesBuildPhase;
			buildActionMask = 2147483647;
			files = (
			);
			runOnlyForDeploymentPostprocessing = 0;
		};
		8C8715A42F8B2E6A0029F8A9 /* Sources */ = {
			isa = PBXSourcesBuildPhase;
			buildActionMask = 2147483647;
			files = (
			);
			runOnlyForDeploymentPostprocessing = 0;
		};
		8C8715AE2F8B2E6A0029F8A9 /* Sources */ = {
			isa = PBXSourcesBuildPhase;
			buildActionMask = 2147483647;
			files = (
			);
			runOnlyForDeploymentPostprocessing = 0;
		};
		8C8715C52F8B2F9E0029F8A9 /* Sources */ = {
			isa = PBXSourcesBuildPhase;
			buildActionMask = 2147483647;
			files = (
			);
			runOnlyForDeploymentPostprocessing = 0;
		};
		8C8715D12F8B2F9F0029F8A9 /* Sources */ = {
			isa = PBXSourcesBuildPhase;
			buildActionMask = 2147483647;
			files = (
			);
			runOnlyForDeploymentPostprocessing = 0;
		};
		8C8715DB2F8B2F9F0029F8A9 /* Sources */ = {
			isa = PBXSourcesBuildPhase;
			buildActionMask = 2147483647;
			files = (
			);
			runOnlyForDeploymentPostprocessing = 0;
		};
/* End PBXSourcesBuildPhase section */

/* Begin PBXTargetDependency section */
		8C8715AA2F8B2E6A0029F8A9 /* PBXTargetDependency */ = {
			isa = PBXTargetDependency;
			target = 8C87159A2F8B2E690029F8A9 /* TidalLabs */;
			targetProxy = 8C8715A92F8B2E6A0029F8A9 /* PBXContainerItemProxy */;
		};
		8C8715B42F8B2E6A0029F8A9 /* PBXTargetDependency */ = {
			isa = PBXTargetDependency;
			target = 8C87159A2F8B2E690029F8A9 /* TidalLabs */;
			targetProxy = 8C8715B32F8B2E6A0029F8A9 /* PBXContainerItemProxy */;
		};
		8C8715D72F8B2F9F0029F8A9 /* PBXTargetDependency */ = {
			isa = PBXTargetDependency;
			target = 8C8715C82F8B2F9E0029F8A9 /* TidalLabsWatch Watch App */;
			targetProxy = 8C8715D62F8B2F9F0029F8A9 /* PBXContainerItemProxy */;
		};
		8C8715E12F8B2F9F0029F8A9 /* PBXTargetDependency */ = {
			isa = PBXTargetDependency;
			target = 8C8715C82F8B2F9E0029F8A9 /* TidalLabsWatch Watch App */;
			targetProxy = 8C8715E02F8B2F9F0029F8A9 /* PBXContainerItemProxy */;
		};
		8C8715E82F8B2F9F0029F8A9 /* PBXTargetDependency */ = {
			isa = PBXTargetDependency;
			target = 8C8715C82F8B2F9E0029F8A9 /* TidalLabsWatch Watch App */;
			targetProxy = 8C8715E72F8B2F9F0029F8A9 /* PBXContainerItemProxy */;
		};
/* End PBXTargetDependency section */

/* Begin XCBuildConfiguration section */
		8C8715BA2F8B2E6A0029F8A9 /* Debug */ = {
			isa = XCBuildConfiguration;
			buildSettings = {
				ALWAYS_SEARCH_USER_PATHS = NO;
				ASSETCATALOG_COMPILER_GENERATE_SWIFT_ASSET_SYMBOL_EXTENSIONS = YES;
				CLANG_ANALYZER_NONNULL = YES;
				CLANG_ANALYZER_NUMBER_OBJECT_CONVERSION = YES_AGGRESSIVE;
				CLANG_CXX_LANGUAGE_STANDARD = "gnu++20";
				CLANG_ENABLE_MODULES = YES;
				CLANG_ENABLE_OBJC_ARC = YES;
				CLANG_ENABLE_OBJC_WEAK = YES;
				CLANG_WARN_BLOCK_CAPTURE_AUTORELEASING = YES;
				CLANG_WARN_BOOL_CONVERSION = YES;
				CLANG_WARN_COMMA = YES;
				CLANG_WARN_CONSTANT_CONVERSION = YES;
				CLANG_WARN_DEPRECATED_OBJC_IMPLEMENTATIONS = YES;
				CLANG_WARN_DIRECT_OBJC_ISA_USAGE = YES_ERROR;
				CLANG_WARN_DOCUMENTATION_COMMENTS = YES;
				CLANG_WARN_EMPTY_BODY = YES;
				CLANG_WARN_ENUM_CONVERSION = YES;
				CLANG_WARN_INFINITE_RECURSION = YES;
				CLANG_WARN_INT_CONVERSION = YES;
				CLANG_WARN_NON_LITERAL_NULL_CONVERSION = YES;
				CLANG_WARN_OBJC_IMPLICIT_RETAIN_SELF = YES;
				CLANG_WARN_OBJC_LITERAL_CONVERSION = YES;
				CLANG_WARN_OBJC_ROOT_CLASS = YES_ERROR;
				CLANG_WARN_QUOTED_INCLUDE_IN_FRAMEWORK_HEADER = YES;
				CLANG_WARN_RANGE_LOOP_ANALYSIS = YES;
				CLANG_WARN_STRICT_PROTOTYPES = YES;
				CLANG_WARN_SUSPICIOUS_MOVE = YES;
				CLANG_WARN_UNGUARDED_AVAILABILITY = YES_AGGRESSIVE;
				CLANG_WARN_UNREACHABLE_CODE = YES;
				CLANG_WARN__DUPLICATE_METHOD_MATCH = YES;
				COPY_PHASE_STRIP = NO;
				DEBUG_INFORMATION_FORMAT = dwarf;
				DEVELOPMENT_TEAM = 475T56N7DY;
				ENABLE_STRICT_OBJC_MSGSEND = YES;
				ENABLE_TESTABILITY = YES;
				ENABLE_USER_SCRIPT_SANDBOXING = YES;
				GCC_C_LANGUAGE_STANDARD = gnu17;
				GCC_DYNAMIC_NO_PIC = NO;
				GCC_NO_COMMON_BLOCKS = YES;
				GCC_OPTIMIZATION_LEVEL = 0;
				GCC_PREPROCESSOR_DEFINITIONS = (
					"DEBUG=1",
					"$(inherited)",
				);
				GCC_WARN_64_TO_32_BIT_CONVERSION = YES;
				GCC_WARN_ABOUT_RETURN_TYPE = YES_ERROR;
				GCC_WARN_UNDECLARED_SELECTOR = YES;
				GCC_WARN_UNINITIALIZED_AUTOS = YES_AGGRESSIVE;
				GCC_WARN_UNUSED_FUNCTION = YES;
				GCC_WARN_UNUSED_VARIABLE = YES;
				LOCALIZATION_PREFERS_STRING_CATALOGS = YES;
				MTL_ENABLE_DEBUG_INFO = INCLUDE_SOURCE;
				MTL_FAST_MATH = YES;
				ONLY_ACTIVE_ARCH = YES;
				SWIFT_ACTIVE_COMPILATION_CONDITIONS = "DEBUG $(inherited)";
				SWIFT_OPTIMIZATION_LEVEL = "-Onone";
			};
			name = Debug;
		};
		8C8715BB2F8B2E6A0029F8A9 /* Release */ = {
			isa = XCBuildConfiguration;
			buildSettings = {
				ALWAYS_SEARCH_USER_PATHS = NO;
				ASSETCATALOG_COMPILER_GENERATE_SWIFT_ASSET_SYMBOL_EXTENSIONS = YES;
				CLANG_ANALYZER_NONNULL = YES;
				CLANG_ANALYZER_NUMBER_OBJECT_CONVERSION = YES_AGGRESSIVE;
				CLANG_CXX_LANGUAGE_STANDARD = "gnu++20";
				CLANG_ENABLE_MODULES = YES;
				CLANG_ENABLE_OBJC_ARC = YES;
				CLANG_ENABLE_OBJC_WEAK = YES;
				CLANG_WARN_BLOCK_CAPTURE_AUTORELEASING = YES;
				CLANG_WARN_BOOL_CONVERSION = YES;
				CLANG_WARN_COMMA = YES;
				CLANG_WARN_CONSTANT_CONVERSION = YES;
				CLANG_WARN_DEPRECATED_OBJC_IMPLEMENTATIONS = YES;
				CLANG_WARN_DIRECT_OBJC_ISA_USAGE = YES_ERROR;
				CLANG_WARN_DOCUMENTATION_COMMENTS = YES;
				CLANG_WARN_EMPTY_BODY = YES;
				CLANG_WARN_ENUM_CONVERSION = YES;
				CLANG_WARN_INFINITE_RECURSION = YES;
				CLANG_WARN_INT_CONVERSION = YES;
				CLANG_WARN_NON_LITERAL_NULL_CONVERSION = YES;
				CLANG_WARN_OBJC_IMPLICIT_RETAIN_SELF = YES;
				CLANG_WARN_OBJC_LITERAL_CONVERSION = YES;
				CLANG_WARN_OBJC_ROOT_CLASS = YES_ERROR;
				CLANG_WARN_QUOTED_INCLUDE_IN_FRAMEWORK_HEADER = YES;
				CLANG_WARN_RANGE_LOOP_ANALYSIS = YES;
				CLANG_WARN_STRICT_PROTOTYPES = YES;
				CLANG_WARN_SUSPICIOUS_MOVE = YES;
				CLANG_WARN_UNGUARDED_AVAILABILITY = YES_AGGRESSIVE;
				CLANG_WARN_UNREACHABLE_CODE = YES;
				CLANG_WARN__DUPLICATE_METHOD_MATCH = YES;
				COPY_PHASE_STRIP = NO;
				DEBUG_INFORMATION_FORMAT = "dwarf-with-dsym";
				DEVELOPMENT_TEAM = 475T56N7DY;
				ENABLE_NS_ASSERTIONS = NO;
				ENABLE_STRICT_OBJC_MSGSEND = YES;
				ENABLE_USER_SCRIPT_SANDBOXING = YES;
				GCC_C_LANGUAGE_STANDARD = gnu17;
				GCC_NO_COMMON_BLOCKS = YES;
				GCC_WARN_64_TO_32_BIT_CONVERSION = YES;
				GCC_WARN_ABOUT_RETURN_TYPE = YES_ERROR;
				GCC_WARN_UNDECLARED_SELECTOR = YES;
				GCC_WARN_UNINITIALIZED_AUTOS = YES_AGGRESSIVE;
				GCC_WARN_UNUSED_FUNCTION = YES;
				GCC_WARN_UNUSED_VARIABLE = YES;
				LOCALIZATION_PREFERS_STRING_CATALOGS = YES;
				MTL_ENABLE_DEBUG_INFO = NO;
				MTL_FAST_MATH = YES;
				SWIFT_COMPILATION_MODE = wholemodule;
			};
			name = Release;
		};
		8C8715BD2F8B2E6A0029F8A9 /* Debug */ = {
			isa = XCBuildConfiguration;
			buildSettings = {
				ASSETCATALOG_COMPILER_APPICON_NAME = AppIcon;
				ASSETCATALOG_COMPILER_GLOBAL_ACCENT_COLOR_NAME = AccentColor;
				CODE_SIGN_ENTITLEMENTS = TidalLabs/TidalLabs.entitlements;
				CODE_SIGN_STYLE = Automatic;
				CURRENT_PROJECT_VERSION = 1;
				DEVELOPMENT_TEAM = 475T56N7DY;
				ENABLE_APP_SANDBOX = YES;
				ENABLE_HARDENED_RUNTIME = YES;
				ENABLE_PREVIEWS = YES;
				ENABLE_USER_SELECTED_FILES = readonly;
				GENERATE_INFOPLIST_FILE = YES;
				INFOPLIST_KEY_CFBundleDisplayName = "Tidal Labs";
				INFOPLIST_KEY_LSApplicationCategoryType = "public.app-category.video";
				INFOPLIST_KEY_NSCameraUsageDescription = "TidalLabs records surf sessions via your watch. Your camera stays on while you're in the water.";
				INFOPLIST_KEY_NSLocationWhenInUseUsageDescription = "TidalLabs uses your location to tag sessions with the nearest surf spot.";
				INFOPLIST_KEY_NSMicrophoneUsageDescription = "TidalLabs records audio with your surf session videos.";
				INFOPLIST_KEY_NSPhotoLibraryAddUsageDescription = "TidalLabs saves your surf session recordings to your photo library.";
				INFOPLIST_KEY_NSPhotoLibraryUsageDescription = "TidalLabs reads your video directly to extract wave clips without copying the full file to your device.";
				INFOPLIST_KEY_UIAppFonts = "BricolageGrotesque.ttf HankenGrotesk.ttf";
				"INFOPLIST_KEY_UIApplicationSceneManifest_Generation[sdk=iphoneos*]" = YES;
				"INFOPLIST_KEY_UIApplicationSceneManifest_Generation[sdk=iphonesimulator*]" = YES;
				"INFOPLIST_KEY_UIApplicationSupportsIndirectInputEvents[sdk=iphoneos*]" = YES;
				"INFOPLIST_KEY_UIApplicationSupportsIndirectInputEvents[sdk=iphonesimulator*]" = YES;
				"INFOPLIST_KEY_UILaunchScreen_Generation[sdk=iphoneos*]" = YES;
				"INFOPLIST_KEY_UILaunchScreen_Generation[sdk=iphonesimulator*]" = YES;
				"INFOPLIST_KEY_UIStatusBarStyle[sdk=iphoneos*]" = UIStatusBarStyleDefault;
				"INFOPLIST_KEY_UIStatusBarStyle[sdk=iphonesimulator*]" = UIStatusBarStyleDefault;
				INFOPLIST_KEY_UISupportedInterfaceOrientations = "UIInterfaceOrientationLandscapeLeft UIInterfaceOrientationLandscapeRight UIInterfaceOrientationPortrait";
				INFOPLIST_KEY_UISupportedInterfaceOrientations_iPad = "UIInterfaceOrientationLandscapeLeft UIInterfaceOrientationLandscapeRight UIInterfaceOrientationPortrait UIInterfaceOrientationPortraitUpsideDown";
				IPHONEOS_DEPLOYMENT_TARGET = 26.0;
				LD_RUNPATH_SEARCH_PATHS = "@executable_path/Frameworks";
				"LD_RUNPATH_SEARCH_PATHS[sdk=macosx*]" = "@executable_path/../Frameworks";
				MACOSX_DEPLOYMENT_TARGET = 15.3;
				MARKETING_VERSION = 1.0;
				PRODUCT_BUNDLE_IDENTIFIER = "Micah-Woodring.TidalLabs";
				PRODUCT_NAME = "$(TARGET_NAME)";
				REGISTER_APP_GROUPS = YES;
				SDKROOT = auto;
				STRING_CATALOG_GENERATE_SYMBOLS = YES;
				SUPPORTED_PLATFORMS = "iphoneos iphonesimulator";
				SUPPORTS_MACCATALYST = NO;
				SWIFT_APPROACHABLE_CONCURRENCY = YES;
				SWIFT_DEFAULT_ACTOR_ISOLATION = MainActor;
				SWIFT_EMIT_LOC_STRINGS = YES;
				SWIFT_UPCOMING_FEATURE_MEMBER_IMPORT_VISIBILITY = YES;
				SWIFT_VERSION = 5.0;
				TARGETED_DEVICE_FAMILY = 1;
				XROS_DEPLOYMENT_TARGET = 26.2;
			};
			name = Debug;
		};
		8C8715BE2F8B2E6A0029F8A9 /* Release */ = {
			isa = XCBuildConfiguration;
			buildSettings = {
				ASSETCATALOG_COMPILER_APPICON_NAME = AppIcon;
				ASSETCATALOG_COMPILER_GLOBAL_ACCENT_COLOR_NAME = AccentColor;
				CODE_SIGN_ENTITLEMENTS = TidalLabs/TidalLabs.entitlements;
				CODE_SIGN_STYLE = Automatic;
				CURRENT_PROJECT_VERSION = 1;
				DEVELOPMENT_TEAM = 475T56N7DY;
				ENABLE_APP_SANDBOX = YES;
				ENABLE_HARDENED_RUNTIME = YES;
				ENABLE_PREVIEWS = YES;
				ENABLE_USER_SELECTED_FILES = readonly;
				GENERATE_INFOPLIST_FILE = YES;
				INFOPLIST_KEY_CFBundleDisplayName = "Tidal Labs";
				INFOPLIST_KEY_LSApplicationCategoryType = "public.app-category.video";
				INFOPLIST_KEY_NSCameraUsageDescription = "TidalLabs records surf sessions via your watch. Your camera stays on while you're in the water.";
				INFOPLIST_KEY_NSLocationWhenInUseUsageDescription = "TidalLabs uses your location to tag sessions with the nearest surf spot.";
				INFOPLIST_KEY_NSMicrophoneUsageDescription = "TidalLabs records audio with your surf session videos.";
				INFOPLIST_KEY_NSPhotoLibraryAddUsageDescription = "TidalLabs saves your surf session recordings to your photo library.";
				INFOPLIST_KEY_NSPhotoLibraryUsageDescription = "TidalLabs reads your video directly to extract wave clips without copying the full file to your device.";
				INFOPLIST_KEY_UIAppFonts = "BricolageGrotesque.ttf HankenGrotesk.ttf";
				"INFOPLIST_KEY_UIApplicationSceneManifest_Generation[sdk=iphoneos*]" = YES;
				"INFOPLIST_KEY_UIApplicationSceneManifest_Generation[sdk=iphonesimulator*]" = YES;
				"INFOPLIST_KEY_UIApplicationSupportsIndirectInputEvents[sdk=iphoneos*]" = YES;
				"INFOPLIST_KEY_UIApplicationSupportsIndirectInputEvents[sdk=iphonesimulator*]" = YES;
				"INFOPLIST_KEY_UILaunchScreen_Generation[sdk=iphoneos*]" = YES;
				"INFOPLIST_KEY_UILaunchScreen_Generation[sdk=iphonesimulator*]" = YES;
				"INFOPLIST_KEY_UIStatusBarStyle[sdk=iphoneos*]" = UIStatusBarStyleDefault;
				"INFOPLIST_KEY_UIStatusBarStyle[sdk=iphonesimulator*]" = UIStatusBarStyleDefault;
				INFOPLIST_KEY_UISupportedInterfaceOrientations = "UIInterfaceOrientationLandscapeLeft UIInterfaceOrientationLandscapeRight UIInterfaceOrientationPortrait";
				INFOPLIST_KEY_UISupportedInterfaceOrientations_iPad = "UIInterfaceOrientationLandscapeLeft UIInterfaceOrientationLandscapeRight UIInterfaceOrientationPortrait UIInterfaceOrientationPortraitUpsideDown";
				IPHONEOS_DEPLOYMENT_TARGET = 26.0;
				LD_RUNPATH_SEARCH_PATHS = "@executable_path/Frameworks";
				"LD_RUNPATH_SEARCH_PATHS[sdk=macosx*]" = "@executable_path/../Frameworks";
				MACOSX_DEPLOYMENT_TARGET = 15.3;
				MARKETING_VERSION = 1.0;
				PRODUCT_BUNDLE_IDENTIFIER = "Micah-Woodring.TidalLabs";
				PRODUCT_NAME = "$(TARGET_NAME)";
				REGISTER_APP_GROUPS = YES;
				SDKROOT = auto;
				STRING_CATALOG_GENERATE_SYMBOLS = YES;
				SUPPORTED_PLATFORMS = "iphoneos iphonesimulator";
				SUPPORTS_MACCATALYST = NO;
				SWIFT_APPROACHABLE_CONCURRENCY = YES;
				SWIFT_DEFAULT_ACTOR_ISOLATION = MainActor;
				SWIFT_EMIT_LOC_STRINGS = YES;
				SWIFT_UPCOMING_FEATURE_MEMBER_IMPORT_VISIBILITY = YES;
				SWIFT_VERSION = 5.0;
				TARGETED_DEVICE_FAMILY = 1;
				XROS_DEPLOYMENT_TARGET = 26.2;
			};
			name = Release;
		};
		8C8715C02F8B2E6A0029F8A9 /* Debug */ = {
			isa = XCBuildConfiguration;
			buildSettings = {
				BUNDLE_LOADER = "$(TEST_HOST)";
				CODE_SIGN_STYLE = Automatic;
				CURRENT_PROJECT_VERSION = 1;
				DEVELOPMENT_TEAM = 475T56N7DY;
				GENERATE_INFOPLIST_FILE = YES;
				IPHONEOS_DEPLOYMENT_TARGET = 26.2;
				MACOSX_DEPLOYMENT_TARGET = 15.3;
				MARKETING_VERSION = 1.0;
				PRODUCT_BUNDLE_IDENTIFIER = "Micah-Woodring.TidalLabsTests";
				PRODUCT_NAME = "$(TARGET_NAME)";
				SDKROOT = auto;
				STRING_CATALOG_GENERATE_SYMBOLS = NO;
				SUPPORTED_PLATFORMS = "iphoneos iphonesimulator macosx xros xrsimulator";
				SWIFT_APPROACHABLE_CONCURRENCY = YES;
				SWIFT_EMIT_LOC_STRINGS = NO;
				SWIFT_UPCOMING_FEATURE_MEMBER_IMPORT_VISIBILITY = YES;
				SWIFT_VERSION = 5.0;
				TARGETED_DEVICE_FAMILY = "1,2,7";
				TEST_HOST = "$(BUILT_PRODUCTS_DIR)/TidalLabs.app/$(BUNDLE_EXECUTABLE_FOLDER_PATH)/TidalLabs";
				XROS_DEPLOYMENT_TARGET = 26.2;
			};
			name = Debug;
		};
		8C8715C12F8B2E6A0029F8A9 /* Release */ = {
			isa = XCBuildConfiguration;
			buildSettings = {
				BUNDLE_LOADER = "$(TEST_HOST)";
				CODE_SIGN_STYLE = Automatic;
				CURRENT_PROJECT_VERSION = 1;
				DEVELOPMENT_TEAM = 475T56N7DY;
				GENERATE_INFOPLIST_FILE = YES;
				IPHONEOS_DEPLOYMENT_TARGET = 26.2;
				MACOSX_DEPLOYMENT_TARGET = 15.3;
				MARKETING_VERSION = 1.0;
				PRODUCT_BUNDLE_IDENTIFIER = "Micah-Woodring.TidalLabsTests";
				PRODUCT_NAME = "$(TARGET_NAME)";
				SDKROOT = auto;
				STRING_CATALOG_GENERATE_SYMBOLS = NO;
				SUPPORTED_PLATFORMS = "iphoneos iphonesimulator macosx xros xrsimulator";
				SWIFT_APPROACHABLE_CONCURRENCY = YES;
				SWIFT_EMIT_LOC_STRINGS = NO;
				SWIFT_UPCOMING_FEATURE_MEMBER_IMPORT_VISIBILITY = YES;
				SWIFT_VERSION = 5.0;
				TARGETED_DEVICE_FAMILY = "1,2,7";
				TEST_HOST = "$(BUILT_PRODUCTS_DIR)/TidalLabs.app/$(BUNDLE_EXECUTABLE_FOLDER_PATH)/TidalLabs";
				XROS_DEPLOYMENT_TARGET = 26.2;
			};
			name = Release;
		};
		8C8715C32F8B2E6A0029F8A9 /* Debug */ = {
			isa = XCBuildConfiguration;
			buildSettings = {
				CODE_SIGN_STYLE = Automatic;
				CURRENT_PROJECT_VERSION = 1;
				DEVELOPMENT_TEAM = 475T56N7DY;
				GENERATE_INFOPLIST_FILE = YES;
				IPHONEOS_DEPLOYMENT_TARGET = 26.2;
				MACOSX_DEPLOYMENT_TARGET = 15.3;
				MARKETING_VERSION = 1.0;
				PRODUCT_BUNDLE_IDENTIFIER = "Micah-Woodring.TidalLabsUITests";
				PRODUCT_NAME = "$(TARGET_NAME)";
				SDKROOT = auto;
				STRING_CATALOG_GENERATE_SYMBOLS = NO;
				SUPPORTED_PLATFORMS = "iphoneos iphonesimulator macosx xros xrsimulator";
				SWIFT_APPROACHABLE_CONCURRENCY = YES;
				SWIFT_EMIT_LOC_STRINGS = NO;
				SWIFT_UPCOMING_FEATURE_MEMBER_IMPORT_VISIBILITY = YES;
				SWIFT_VERSION = 5.0;
				TARGETED_DEVICE_FAMILY = "1,2,7";
				TEST_TARGET_NAME = TidalLabs;
				XROS_DEPLOYMENT_TARGET = 26.2;
			};
			name = Debug;
		};
		8C8715C42F8B2E6A0029F8A9 /* Release */ = {
			isa = XCBuildConfiguration;
			buildSettings = {
				CODE_SIGN_STYLE = Automatic;
				CURRENT_PROJECT_VERSION = 1;
				DEVELOPMENT_TEAM = 475T56N7DY;
				GENERATE_INFOPLIST_FILE = YES;
				IPHONEOS_DEPLOYMENT_TARGET = 26.2;
				MACOSX_DEPLOYMENT_TARGET = 15.3;
				MARKETING_VERSION = 1.0;
				PRODUCT_BUNDLE_IDENTIFIER = "Micah-Woodring.TidalLabsUITests";
				PRODUCT_NAME = "$(TARGET_NAME)";
				SDKROOT = auto;
				STRING_CATALOG_GENERATE_SYMBOLS = NO;
				SUPPORTED_PLATFORMS = "iphoneos iphonesimulator macosx xros xrsimulator";
				SWIFT_APPROACHABLE_CONCURRENCY = YES;
				SWIFT_EMIT_LOC_STRINGS = NO;
				SWIFT_UPCOMING_FEATURE_MEMBER_IMPORT_VISIBILITY = YES;
				SWIFT_VERSION = 5.0;
				TARGETED_DEVICE_FAMILY = "1,2,7";
				TEST_TARGET_NAME = TidalLabs;
				XROS_DEPLOYMENT_TARGET = 26.2;
			};
			name = Release;
		};
		8C8715EB2F8B2F9F0029F8A9 /* Debug */ = {
			isa = XCBuildConfiguration;
			buildSettings = {
				ASSETCATALOG_COMPILER_APPICON_NAME = AppIcon;
				ASSETCATALOG_COMPILER_GLOBAL_ACCENT_COLOR_NAME = AccentColor;
				CODE_SIGN_ENTITLEMENTS = "TidalLabsWatch Watch App/TidalLabsWatch Watch App.entitlements";
				CODE_SIGN_STYLE = Automatic;
				CURRENT_PROJECT_VERSION = 1;
				DEVELOPMENT_TEAM = 475T56N7DY;
				ENABLE_PREVIEWS = YES;
				GENERATE_INFOPLIST_FILE = YES;
				INFOPLIST_KEY_CFBundleDisplayName = "Tidal Labs";
				INFOPLIST_KEY_NSHealthShareUsageDescription = "Tidal Labs starts a surf workout session to enable water lock on Apple Watch.";
				INFOPLIST_KEY_NSHealthUpdateUsageDescription = "Tidal Labs records surf sessions as workouts.";
				INFOPLIST_KEY_UISupportedInterfaceOrientations = "UIInterfaceOrientationPortrait UIInterfaceOrientationPortraitUpsideDown";
				INFOPLIST_KEY_WKCompanionAppBundleIdentifier = "Micah-Woodring.TidalLabs";
				LD_RUNPATH_SEARCH_PATHS = (
					"$(inherited)",
					"@executable_path/Frameworks",
				);
				MARKETING_VERSION = 1.0;
				PRODUCT_BUNDLE_IDENTIFIER = "Micah-Woodring.TidalLabs.watchkitapp";
				PRODUCT_NAME = "$(TARGET_NAME)";
				SDKROOT = watchos;
				SKIP_INSTALL = YES;
				STRING_CATALOG_GENERATE_SYMBOLS = YES;
				SWIFT_APPROACHABLE_CONCURRENCY = YES;
				SWIFT_DEFAULT_ACTOR_ISOLATION = MainActor;
				SWIFT_EMIT_LOC_STRINGS = YES;
				SWIFT_UPCOMING_FEATURE_MEMBER_IMPORT_VISIBILITY = YES;
				SWIFT_VERSION = 5.0;
				TARGETED_DEVICE_FAMILY = 4;
				WATCHOS_DEPLOYMENT_TARGET = 26.2;
			};
			name = Debug;
		};
		8C8715EC2F8B2F9F0029F8A9 /* Release */ = {
			isa = XCBuildConfiguration;
			buildSettings = {
				ASSETCATALOG_COMPILER_APPICON_NAME = AppIcon;
				ASSETCATALOG_COMPILER_GLOBAL_ACCENT_COLOR_NAME = AccentColor;
				CODE_SIGN_ENTITLEMENTS = "TidalLabsWatch Watch App/TidalLabsWatch Watch App.entitlements";
				CODE_SIGN_STYLE = Automatic;
				CURRENT_PROJECT_VERSION = 1;
				DEVELOPMENT_TEAM = 475T56N7DY;
				ENABLE_PREVIEWS = YES;
				GENERATE_INFOPLIST_FILE = YES;
				INFOPLIST_KEY_CFBundleDisplayName = "Tidal Labs";
				INFOPLIST_KEY_NSHealthShareUsageDescription = "Tidal Labs starts a surf workout session to enable water lock on Apple Watch.";
				INFOPLIST_KEY_NSHealthUpdateUsageDescription = "Tidal Labs records surf sessions as workouts.";
				INFOPLIST_KEY_UISupportedInterfaceOrientations = "UIInterfaceOrientationPortrait UIInterfaceOrientationPortraitUpsideDown";
				INFOPLIST_KEY_WKCompanionAppBundleIdentifier = "Micah-Woodring.TidalLabs";
				LD_RUNPATH_SEARCH_PATHS = (
					"$(inherited)",
					"@executable_path/Frameworks",
				);
				MARKETING_VERSION = 1.0;
				PRODUCT_BUNDLE_IDENTIFIER = "Micah-Woodring.TidalLabs.watchkitapp";
				PRODUCT_NAME = "$(TARGET_NAME)";
				SDKROOT = watchos;
				SKIP_INSTALL = YES;
				STRING_CATALOG_GENERATE_SYMBOLS = YES;
				SWIFT_APPROACHABLE_CONCURRENCY = YES;
				SWIFT_DEFAULT_ACTOR_ISOLATION = MainActor;
				SWIFT_EMIT_LOC_STRINGS = YES;
				SWIFT_UPCOMING_FEATURE_MEMBER_IMPORT_VISIBILITY = YES;
				SWIFT_VERSION = 5.0;
				TARGETED_DEVICE_FAMILY = 4;
				VALIDATE_PRODUCT = YES;
				WATCHOS_DEPLOYMENT_TARGET = 26.2;
			};
			name = Release;
		};
		8C8715EF2F8B2F9F0029F8A9 /* Debug */ = {
			isa = XCBuildConfiguration;
			buildSettings = {
				BUNDLE_LOADER = "$(TEST_HOST)";
				CODE_SIGN_STYLE = Automatic;
				CURRENT_PROJECT_VERSION = 1;
				DEVELOPMENT_TEAM = 475T56N7DY;
				GENERATE_INFOPLIST_FILE = YES;
				MARKETING_VERSION = 1.0;
				PRODUCT_BUNDLE_IDENTIFIER = "Micah-Woodring.TidalLabsWatch-Watch-AppTests";
				PRODUCT_NAME = "$(TARGET_NAME)";
				SDKROOT = watchos;
				STRING_CATALOG_GENERATE_SYMBOLS = NO;
				SWIFT_APPROACHABLE_CONCURRENCY = YES;
				SWIFT_EMIT_LOC_STRINGS = NO;
				SWIFT_UPCOMING_FEATURE_MEMBER_IMPORT_VISIBILITY = YES;
				SWIFT_VERSION = 5.0;
				TARGETED_DEVICE_FAMILY = 4;
				TEST_HOST = "$(BUILT_PRODUCTS_DIR)/TidalLabsWatch Watch App.app/$(BUNDLE_EXECUTABLE_FOLDER_PATH)/TidalLabsWatch Watch App";
				WATCHOS_DEPLOYMENT_TARGET = 26.2;
			};
			name = Debug;
		};
		8C8715F02F8B2F9F0029F8A9 /* Release */ = {
			isa = XCBuildConfiguration;
			buildSettings = {
				BUNDLE_LOADER = "$(TEST_HOST)";
				CODE_SIGN_STYLE = Automatic;
				CURRENT_PROJECT_VERSION = 1;
				DEVELOPMENT_TEAM = 475T56N7DY;
				GENERATE_INFOPLIST_FILE = YES;
				MARKETING_VERSION = 1.0;
				PRODUCT_BUNDLE_IDENTIFIER = "Micah-Woodring.TidalLabsWatch-Watch-AppTests";
				PRODUCT_NAME = "$(TARGET_NAME)";
				SDKROOT = watchos;
				STRING_CATALOG_GENERATE_SYMBOLS = NO;
				SWIFT_APPROACHABLE_CONCURRENCY = YES;
				SWIFT_EMIT_LOC_STRINGS = NO;
				SWIFT_UPCOMING_FEATURE_MEMBER_IMPORT_VISIBILITY = YES;
				SWIFT_VERSION = 5.0;
				TARGETED_DEVICE_FAMILY = 4;
				TEST_HOST = "$(BUILT_PRODUCTS_DIR)/TidalLabsWatch Watch App.app/$(BUNDLE_EXECUTABLE_FOLDER_PATH)/TidalLabsWatch Watch App";
				VALIDATE_PRODUCT = YES;
				WATCHOS_DEPLOYMENT_TARGET = 26.2;
			};
			name = Release;
		};
		8C8715F22F8B2F9F0029F8A9 /* Debug */ = {
			isa = XCBuildConfiguration;
			buildSettings = {
				CODE_SIGN_STYLE = Automatic;
				CURRENT_PROJECT_VERSION = 1;
				DEVELOPMENT_TEAM = 475T56N7DY;
				GENERATE_INFOPLIST_FILE = YES;
				MARKETING_VERSION = 1.0;
				PRODUCT_BUNDLE_IDENTIFIER = "Micah-Woodring.TidalLabsWatch-Watch-AppUITests";
				PRODUCT_NAME = "$(TARGET_NAME)";
				SDKROOT = watchos;
				STRING_CATALOG_GENERATE_SYMBOLS = NO;
				SWIFT_APPROACHABLE_CONCURRENCY = YES;
				SWIFT_EMIT_LOC_STRINGS = NO;
				SWIFT_UPCOMING_FEATURE_MEMBER_IMPORT_VISIBILITY = YES;
				SWIFT_VERSION = 5.0;
				TARGETED_DEVICE_FAMILY = 4;
				TEST_TARGET_NAME = "TidalLabsWatch Watch App";
				WATCHOS_DEPLOYMENT_TARGET = 26.2;
			};
			name = Debug;
		};
		8C8715F32F8B2F9F0029F8A9 /* Release */ = {
			isa = XCBuildConfiguration;
			buildSettings = {
				CODE_SIGN_STYLE = Automatic;
				CURRENT_PROJECT_VERSION = 1;
				DEVELOPMENT_TEAM = 475T56N7DY;
				GENERATE_INFOPLIST_FILE = YES;
				MARKETING_VERSION = 1.0;
				PRODUCT_BUNDLE_IDENTIFIER = "Micah-Woodring.TidalLabsWatch-Watch-AppUITests";
				PRODUCT_NAME = "$(TARGET_NAME)";
				SDKROOT = watchos;
				STRING_CATALOG_GENERATE_SYMBOLS = NO;
				SWIFT_APPROACHABLE_CONCURRENCY = YES;
				SWIFT_EMIT_LOC_STRINGS = NO;
				SWIFT_UPCOMING_FEATURE_MEMBER_IMPORT_VISIBILITY = YES;
				SWIFT_VERSION = 5.0;
				TARGETED_DEVICE_FAMILY = 4;
				TEST_TARGET_NAME = "TidalLabsWatch Watch App";
				VALIDATE_PRODUCT = YES;
				WATCHOS_DEPLOYMENT_TARGET = 26.2;
			};
			name = Release;
		};
/* End XCBuildConfiguration section */

/* Begin XCConfigurationList section */
		8C8715962F8B2E690029F8A9 /* Build configuration list for PBXProject "TidalLabs" */ = {
			isa = XCConfigurationList;
			buildConfigurations = (
				8C8715BA2F8B2E6A0029F8A9 /* Debug */,
				8C8715BB2F8B2E6A0029F8A9 /* Release */,
			);
			defaultConfigurationIsVisible = 0;
			defaultConfigurationName = Release;
		};
		8C8715BC2F8B2E6A0029F8A9 /* Build configuration list for PBXNativeTarget "TidalLabs" */ = {
			isa = XCConfigurationList;
			buildConfigurations = (
				8C8715BD2F8B2E6A0029F8A9 /* Debug */,
				8C8715BE2F8B2E6A0029F8A9 /* Release */,
			);
			defaultConfigurationIsVisible = 0;
			defaultConfigurationName = Release;
		};
		8C8715BF2F8B2E6A0029F8A9 /* Build configuration list for PBXNativeTarget "TidalLabsTests" */ = {
			isa = XCConfigurationList;
			buildConfigurations = (
				8C8715C02F8B2E6A0029F8A9 /* Debug */,
				8C8715C12F8B2E6A0029F8A9 /* Release */,
			);
			defaultConfigurationIsVisible = 0;
			defaultConfigurationName = Release;
		};
		8C8715C22F8B2E6A0029F8A9 /* Build configuration list for PBXNativeTarget "TidalLabsUITests" */ = {
			isa = XCConfigurationList;
			buildConfigurations = (
				8C8715C32F8B2E6A0029F8A9 /* Debug */,
				8C8715C42F8B2E6A0029F8A9 /* Release */,
			);
			defaultConfigurationIsVisible = 0;
			defaultConfigurationName = Release;
		};
		8C8715EA2F8B2F9F0029F8A9 /* Build configuration list for PBXNativeTarget "TidalLabsWatch Watch App" */ = {
			isa = XCConfigurationList;
			buildConfigurations = (
				8C8715EB2F8B2F9F0029F8A9 /* Debug */,
				8C8715EC2F8B2F9F0029F8A9 /* Release */,
			);
			defaultConfigurationIsVisible = 0;
			defaultConfigurationName = Release;
		};
		8C8715EE2F8B2F9F0029F8A9 /* Build configuration list for PBXNativeTarget "TidalLabsWatch Watch AppTests" */ = {
			isa = XCConfigurationList;
			buildConfigurations = (
				8C8715EF2F8B2F9F0029F8A9 /* Debug */,
				8C8715F02F8B2F9F0029F8A9 /* Release */,
			);
			defaultConfigurationIsVisible = 0;
			defaultConfigurationName = Release;
		};
		8C8715F12F8B2F9F0029F8A9 /* Build configuration list for PBXNativeTarget "TidalLabsWatch Watch AppUITests" */ = {
			isa = XCConfigurationList;
			buildConfigurations = (
				8C8715F22F8B2F9F0029F8A9 /* Debug */,
				8C8715F32F8B2F9F0029F8A9 /* Release */,
			);
			defaultConfigurationIsVisible = 0;
			defaultConfigurationName = Release;
		};
/* End XCConfigurationList section */
	};
	rootObject = 8C8715932F8B2E690029F8A9 /* Project object */;
}
